
Microsoft Visual Studio Solution File, Format Version 12.00
# Visual Studio Version 16
VisualStudioVersion = 16.0.28516.95
MinimumVisualStudioVersion = 10.0.40219.1
Project("{FAE04EC0-301F-11D3-BF4B-00C04F79EFBC}") = "ATM Machine Software", "ATM Machine Software.csproj", "{CE117379-E74E-4B81-BF24-28D3351BEA51}"
EndProject
Global
	GlobalSection(SolutionConfigurationPlatforms) = preSolution
		Debug|Any CPU = Debug|Any CPU
		Release|Any CPU = Release|Any CPU
	EndGlobalSection
	GlobalSection(ProjectConfigurationPlatforms) = postSolution
		{CE117379-E74E-4B81-BF24-28D3351BEA51}.Debug|Any CPU.ActiveCfg = Debug|Any CPU
		{CE117379-E74E-4B81-BF24-28D3351BEA51}.Debug|Any CPU.Build.0 = Debug|Any CPU
		{CE117379-E74E-4B81-BF24-28D3351BEA51}.Release|Any CPU.ActiveCfg = Release|Any CPU
		{CE117379-E74E-4B81-BF24-28D3351BEA51}.Release|Any CPU.Build.0 = Release|Any CPU
	EndGlobalSection
	GlobalSection(SolutionProperties) = preSolution
		HideSolutionNode = FALSE
	EndGlobalSection
	GlobalSection(ExtensibilityGlobals) = postSolution
		SolutionGuid = {F16DC3F6-B5BA-4C04-B19E-CC41EDDA6624}
	EndGlobalSection
EndGlobal
